
Microsoft Visual Studio Solution File, Format Version 12.00
# Visual Studio Version 17
VisualStudioVersion = 17.10.35013.160
MinimumVisualStudioVersion = 10.0.40219.1
Project("{FAE04EC0-301F-11D3-BF4B-00C04F79EFBC}") = "PaintApp", "PaintApp\PaintApp.csproj", "{11169D0F-2C04-45DD-84D9-6EFA3A45FCAF}"
EndProject
Global
	GlobalSection(SolutionConfigurationPlatforms) = preSolution
		Debug|Any CPU = Debug|Any CPU
		Release|Any CPU = Release|Any CPU
	EndGlobalSection
	GlobalSection(ProjectConfigurationPlatforms) = postSolution
		{11169D0F-2C04-45DD-84D9-6EFA3A45FCAF}.Debug|Any CPU.ActiveCfg = Debug|Any CPU
		{11169D0F-2C04-45DD-84D9-6EFA3A45FCAF}.Debug|Any CPU.Build.0 = Debug|Any CPU
		{11169D0F-2C04-45DD-84D9-6EFA3A45FCAF}.Release|Any CPU.ActiveCfg = Release|Any CPU
		{11169D0F-2C04-45DD-84D9-6EFA3A45FCAF}.Release|Any CPU.Build.0 = Release|Any CPU
	EndGlobalSection
	GlobalSection(SolutionProperties) = preSolution
		HideSolutionNode = FALSE
	EndGlobalSection
	GlobalSection(ExtensibilityGlobals) = postSolution
		SolutionGuid = {76A68E68-8155-46CB-ADB2-6ED41732F1E7}
	EndGlobalSection
EndGlobal
